
Microsoft Visual Studio Solution File, Format Version 12.00
# Visual Studio 15
VisualStudioVersion = 15.0.27428.1
MinimumVisualStudioVersion = 10.0.40219.1
Project("{FAE04EC0-301F-11D3-BF4B-00C04F79EFBC}") = "BadKeyboard", "BadKeyboard\BadKeyboard.csproj", "{A61D6BF8-2E6F-4F81-B612-E91D0D42AE3C}"
EndProject
Project("{FAE04EC0-301F-11D3-BF4B-00C04F79EFBC}") = "CaptainHook", "CaptainHook\CaptainHook.csproj", "{FACC7037-DD83-4C1C-A240-8DD4C2E9EB61}"
EndProject
Global
	GlobalSection(SolutionConfigurationPlatforms) = preSolution
		Debug|Any CPU = Debug|Any CPU
		Release|Any CPU = Release|Any CPU
	EndGlobalSection
	GlobalSection(ProjectConfigurationPlatforms) = postSolution
		{A61D6BF8-2E6F-4F81-B612-E91D0D42AE3C}.Debug|Any CPU.ActiveCfg = Debug|Any CPU
		{A61D6BF8-2E6F-4F81-B612-E91D0D42AE3C}.Debug|Any CPU.Build.0 = Debug|Any CPU
		{A61D6BF8-2E6F-4F81-B612-E91D0D42AE3C}.Release|Any CPU.ActiveCfg = Release|Any CPU
		{A61D6BF8-2E6F-4F81-B612-E91D0D42AE3C}.Release|Any CPU.Build.0 = Release|Any CPU
		{FACC7037-DD83-4C1C-A240-8DD4C2E9EB61}.Debug|Any CPU.ActiveCfg = Debug|Any CPU
		{FACC7037-DD83-4C1C-A240-8DD4C2E9EB61}.Debug|Any CPU.Build.0 = Debug|Any CPU
		{FACC7037-DD83-4C1C-A240-8DD4C2E9EB61}.Release|Any CPU.ActiveCfg = Release|Any CPU
		{FACC7037-DD83-4C1C-A240-8DD4C2E9EB61}.Release|Any CPU.Build.0 = Release|Any CPU
	EndGlobalSection
	GlobalSection(SolutionProperties) = preSolution
		HideSolutionNode = FALSE
	EndGlobalSection
	GlobalSection(ExtensibilityGlobals) = postSolution
		SolutionGuid = {AE6895DC-8273-46FD-A50A-D0F86C299BFA}
	EndGlobalSection
EndGlobal
